// !$*UTF8*$!
{
	archiveVersion = 1;
	classes = {
	};
	objectVersion = 77;
	objects = {

/* Begin PBXContainerItemProxy section */
		308DBA3F2EFEA3A6001F0B3F /* PBXContainerItemProxy */ = {
			isa = PBXContainerItemProxy;
			containerPortal = 308DBA292EFEA3A4001F0B3F /* Project object */;
			proxyType = 1;
			remoteGlobalIDString = 308DBA302EFEA3A4001F0B3F;
			remoteInfo = SportCrunch;
		};
		308DBA492EFEA3A6001F0B3F /* PBXContainerItemProxy */ = {
			isa = PBXContainerItemProxy;
			containerPortal = 308DBA292EFEA3A4001F0B3F /* Project object */;
			proxyType = 1;
			remoteGlobalIDString = 308DBA302EFEA3A4001F0B3F;
			remoteInfo = SportCrunch;
		};
/* End PBXContainerItemProxy section */

/* Begin PBXFileReference section */
		308DBA312EFEA3A4001F0B3F /* SportCrunch.app */ = {isa = PBXFileReference; explicitFileType = wrapper.application; includeInIndex = 0; path = SportCrunch.app; sourceTree = BUILT_PRODUCTS_DIR; };
		308DBA3E2EFEA3A6001F0B3F /* SportCrunchTests.xctest */ = {isa = PBXFileReference; explicitFileType = wrapper.cfbundle; includeInIndex = 0; path = SportCrunchTests.xctest; sourceTree = BUILT_PRODUCTS_DIR; };
		308DBA482EFEA3A6001F0B3F /* SportCrunchUITests.xctest */ = {isa = PBXFileReference; explicitFileType = wrapper.cfbundle; includeInIndex = 0; path = SportCrunchUITests.xctest; sourceTree = BUILT_PRODUCTS_DIR; };
		F91A921C2F1552B000688974 /* SportCrunch.xctestplan */ = {isa = PBXFileReference; lastKnownFileType = text; name = SportCrunch.xctestplan; path = ../SportCrunch.xctestplan; sourceTree = "<group>"; };
/* End PBXFileReference section */

/* Begin PBXFileSystemSynchronizedRootGroup section */
		308DBA332EFEA3A4001F0B3F /* SportCrunch */ = {
			isa = PBXFileSystemSynchronizedRootGroup;
			path = SportCrunch;
			sourceTree = "<group>";
		};
		308DBA4B2EFEA3A6001F0B3F /* SportCrunchUITests */ = {
			isa = PBXFileSystemSynchronizedRootGroup;
			path = SportCrunchUITests;
			sourceTree = "<group>";
		};
		F91A920E2F1550AF00688974 /* SportCrunchTests */ = {
			isa = PBXFileSystemSynchronizedRootGroup;
			explicitFolders = (
				TestResources,
			);
			path = SportCrunchTests;
			sourceTree = "<group>";
		};
/* End PBXFileSystemSynchronizedRootGroup section */

/* Begin PBXFrameworksBuildPhase section */
		308DBA2E2EFEA3A4001F0B3F /* Frameworks */ = {
			isa = PBXFrameworksBuildPhase;
			buildActionMask = 2147483647;
			files = (
			);
			runOnlyForDeploymentPostprocessing = 0;
		};
		308DBA3B2EFEA3A6001F0B3F /* Frameworks */ = {
			isa = PBXFrameworksBuildPhase;
			buildActionMask = 2147483647;
			files = (
			);
			runOnlyForDeploymentPostprocessing = 0;
		};
		308DBA452EFEA3A6001F0B3F /* Frameworks */ = {
			isa = PBXFrameworksBuildPhase;
			buildActionMask = 2147483647;
			files = (
			);
			runOnlyForDeploymentPostprocessing = 0;
		};
/* End PBXFrameworksBuildPhase section */

/* Begin PBXGroup section */
		308DBA282EFEA3A4001F0B3F = {
			isa = PBXGroup;
			children = (
				F91A921C2F1552B000688974 /* SportCrunch.xctestplan */,
				308DBA332EFEA3A4001F0B3F /* SportCrunch */,
				F91A920E2F1550AF00688974 /* SportCrunchTests */,
				308DBA4B2EFEA3A6001F0B3F /* SportCrunchUITests */,
				308DBA322EFEA3A4001F0B3F /* Products */,
			);
			sourceTree = "<group>";
		};
		308DBA322EFEA3A4001F0B3F /* Products */ = {
			isa = PBXGroup;
			children = (
				308DBA312EFEA3A4001F0B3F /* SportCrunch.app */,
				308DBA3E2EFEA3A6001F0B3F /* SportCrunchTests.xctest */,
				308DBA482EFEA3A6001F0B3F /* SportCrunchUITests.xctest */,
			);
			name = Products;
			sourceTree = "<group>";
		};
/* End PBXGroup section */

/* Begin PBXNativeTarget section */
		308DBA302EFEA3A4001F0B3F /* SportCrunch */ = {
			isa = PBXNativeTarget;
			buildConfigurationList = 308DBA522EFEA3A6001F0B3F /* Build configuration list for PBXNativeTarget "SportCrunch" */;
			buildPhases = (
				308DBA2D2EFEA3A4001F0B3F /* Sources */,
				308DBA2E2EFEA3A4001F0B3F /* Frameworks */,
				308DBA2F2EFEA3A4001F0B3F /* Resources */,
			);
			buildRules = (
			);
			dependencies = (
			);
			fileSystemSynchronizedGroups = (
				308DBA332EFEA3A4001F0B3F /* SportCrunch */,
			);
			name = SportCrunch;
			packageProductDependencies = (
			);
			productName = SportCrunch;
			productReference = 308DBA312EFEA3A4001F0B3F /* SportCrunch.app */;
			productType = "com.apple.product-type.application";
		};
		308DBA3D2EFEA3A6001F0B3F /* SportCrunchTests */ = {
			isa = PBXNativeTarget;
			buildConfigurationList = 308DBA552EFEA3A6001F0B3F /* Build configuration list for PBXNativeTarget "SportCrunchTests" */;
			buildPhases = (
				308DBA3A2EFEA3A6001F0B3F /* Sources */,
				308DBA3B2EFEA3A6001F0B3F /* Frameworks */,
				308DBA3C2EFEA3A6001F0B3F /* Resources */,
			);
			buildRules = (
			);
			dependencies = (
				308DBA402EFEA3A6001F0B3F /* PBXTargetDependency */,
			);
			fileSystemSynchronizedGroups = (
				F91A920E2F1550AF00688974 /* SportCrunchTests */,
			);
			name = SportCrunchTests;
			packageProductDependencies = (
			);
			productName = SportCrunchTests;
			productReference = 308DBA3E2EFEA3A6001F0B3F /* SportCrunchTests.xctest */;
			productType = "com.apple.product-type.bundle.unit-test";
		};
		308DBA472EFEA3A6001F0B3F /* SportCrunchUITests */ = {
			isa = PBXNativeTarget;
			buildConfigurationList = 308DBA582EFEA3A6001F0B3F /* Build configuration list for PBXNativeTarget "SportCrunchUITests" */;
			buildPhases = (
				308DBA442EFEA3A6001F0B3F /* Sources */,
				308DBA452EFEA3A6001F0B3F /* Frameworks */,
				308DBA462EFEA3A6001F0B3F /* Resources */,
			);
			buildRules = (
			);
			dependencies = (
				308DBA4A2EFEA3A6001F0B3F /* PBXTargetDependency */,
			);
			fileSystemSynchronizedGroups = (
				308DBA4B2EFEA3A6001F0B3F /* SportCrunchUITests */,
			);
			name = SportCrunchUITests;
			packageProductDependencies = (
			);
			productName = SportCrunchUITests;
			productReference = 308DBA482EFEA3A6001F0B3F /* SportCrunchUITests.xctest */;
			productType = "com.apple.product-type.bundle.ui-testing";
		};
/* End PBXNativeTarget section */

/* Begin PBXProject section */
		308DBA292EFEA3A4001F0B3F /* Project object */ = {
			isa = PBXProject;
			attributes = {
				BuildIndependentTargetsInParallel = 1;
				LastSwiftUpdateCheck = 2620;
				LastUpgradeCheck = 2620;
				TargetAttributes = {
					308DBA302EFEA3A4001F0B3F = {
						CreatedOnToolsVersion = 26.2;
					};
					308DBA3D2EFEA3A6001F0B3F = {
						CreatedOnToolsVersion = 26.2;
						TestTargetID = 308DBA302EFEA3A4001F0B3F;
					};
					308DBA472EFEA3A6001F0B3F = {
						CreatedOnToolsVersion = 26.2;
						TestTargetID = 308DBA302EFEA3A4001F0B3F;
					};
				};
			};
			buildConfigurationList = 308DBA2C2EFEA3A4001F0B3F /* Build configuration list for PBXProject "SportCrunch" */;
			developmentRegion = en;
			hasScannedForEncodings = 0;
			knownRegions = (
				en,
				Base,
			);
			mainGroup = 308DBA282EFEA3A4001F0B3F;
			minimizedProjectReferenceProxies = 1;
			preferredProjectObjectVersion = 77;
			productRefGroup = 308DBA322EFEA3A4001F0B3F /* Products */;
			projectDirPath = "";
			projectRoot = "";
			targets = (
				308DBA302EFEA3A4001F0B3F /* SportCrunch */,
				308DBA3D2EFEA3A6001F0B3F /* SportCrunchTests */,
				308DBA472EFEA3A6001F0B3F /* SportCrunchUITests */,
			);
		};
/* End PBXProject section */

/* Begin PBXResourcesBuildPhase section */
		308DBA2F2EFEA3A4001F0B3F /* Resources */ = {
			isa = PBXResourcesBuildPhase;
			buildActionMask = 2147483647;
			files = (
			);
			runOnlyForDeploymentPostprocessing = 0;
		};
		308DBA3C2EFEA3A6001F0B3F /* Resources */ = {
			isa = PBXResourcesBuildPhase;
			buildActionMask = 2147483647;
			files = (
			);
			runOnlyForDeploymentPostprocessing = 0;
		};
		308DBA462EFEA3A6001F0B3F /* Resources */ = {
			isa = PBXResourcesBuildPhase;
			buildActionMask = 2147483647;
			files = (
			);
			runOnlyForDeploymentPostprocessing = 0;
		};
/* End PBXResourcesBuildPhase section */

/* Begin PBXSourcesBuildPhase section */
		308DBA2D2EFEA3A4001F0B3F /* Sources */ = {
			isa = PBXSourcesBuildPhase;
			buildActionMask = 2147483647;
			files = (
			);
			runOnlyForDeploymentPostprocessing = 0;
		};
		308DBA3A2EFEA3A6001F0B3F /* Sources */ = {
			isa = PBXSourcesBuildPhase;
			buildActionMask = 2147483647;
			files = (
			);
			runOnlyForDeploymentPostprocessing = 0;
		};
		308DBA442EFEA3A6001F0B3F /* Sources */ = {
			isa = PBXSourcesBuildPhase;
			buildActionMask = 2147483647;
			files = (
			);
			runOnlyForDeploymentPostprocessing = 0;
		};
/* End PBXSourcesBuildPhase section */

/* Begin PBXTargetDependency section */
		308DBA402EFEA3A6001F0B3F /* PBXTargetDependency */ = {
			isa = PBXTargetDependency;
			target = 308DBA302EFEA3A4001F0B3F /* SportCrunch */;
			targetProxy = 308DBA3F2EFEA3A6001F0B3F /* PBXContainerItemProxy */;
		};
		308DBA4A2EFEA3A6001F0B3F /* PBXTargetDependency */ = {
			isa = PBXTargetDependency;
			target = 308DBA302EFEA3A4001F0B3F /* SportCrunch */;
			targetProxy = 308DBA492EFEA3A6001F0B3F /* PBXContainerItemProxy */;
		};
/* End PBXTargetDependency section */

/* Begin XCBuildConfiguration section */
		308DBA502EFEA3A6001F0B3F /* Debug */ = {
			isa = XCBuildConfiguration;
			buildSettings = {
				ALWAYS_SEARCH_USER_PATHS = NO;
				ASSETCATALOG_COMPILER_GENERATE_SWIFT_ASSET_SYMBOL_EXTENSIONS = YES;
				CLANG_ANALYZER_NONNULL = YES;
				CLANG_ANALYZER_NUMBER_OBJECT_CONVERSION = YES_AGGRESSIVE;
				CLANG_CXX_LANGUAGE_STANDARD = "gnu++20";
				CLANG_ENABLE_MODULES = YES;
				CLANG_ENABLE_OBJC_ARC = YES;
				CLANG_ENABLE_OBJC_WEAK = YES;
				CLANG_WARN_BLOCK_CAPTURE_AUTORELEASING = YES;
				CLANG_WARN_BOOL_CONVERSION = YES;
				CLANG_WARN_COMMA = YES;
				CLANG_WARN_CONSTANT_CONVERSION = YES;
				CLANG_WARN_DEPRECATED_OBJC_IMPLEMENTATIONS = YES;
				CLANG_WARN_DIRECT_OBJC_ISA_USAGE = YES_ERROR;
				CLANG_WARN_DOCUMENTATION_COMMENTS = YES;
				CLANG_WARN_EMPTY_BODY = YES;
				CLANG_WARN_ENUM_CONVERSION = YES;
				CLANG_WARN_INFINITE_RECURSION = YES;
				CLANG_WARN_INT_CONVERSION = YES;
				CLANG_WARN_NON_LITERAL_NULL_CONVERSION = YES;
				CLANG_WARN_OBJC_IMPLICIT_RETAIN_SELF = YES;
				CLANG_WARN_OBJC_LITERAL_CONVERSION = YES;
				CLANG_WARN_OBJC_ROOT_CLASS = YES_ERROR;
				CLANG_WARN_QUOTED_INCLUDE_IN_FRAMEWORK_HEADER = YES;
				CLANG_WARN_RANGE_LOOP_ANALYSIS = YES;
				CLANG_WARN_STRICT_PROTOTYPES = YES;
				CLANG_WARN_SUSPICIOUS_MOVE = YES;
				CLANG_WARN_UNGUARDED_AVAILABILITY = YES_AGGRESSIVE;
				CLANG_WARN_UNREACHABLE_CODE = YES;
				CLANG_WARN__DUPLICATE_METHOD_MATCH = YES;
				COPY_PHASE_STRIP = NO;
				DEBUG_INFORMATION_FORMAT = dwarf;
				ENABLE_STRICT_OBJC_MSGSEND = YES;
				ENABLE_TESTABILITY = YES;
				ENABLE_USER_SCRIPT_SANDBOXING = YES;
				GCC_C_LANGUAGE_STANDARD = gnu17;
				GCC_DYNAMIC_NO_PIC = NO;
				GCC_NO_COMMON_BLOCKS = YES;
				GCC_OPTIMIZATION_LEVEL = 0;
				GCC_PREPROCESSOR_DEFINITIONS = (
					"DEBUG=1",
					"$(inherited)",
				);
				GCC_WARN_64_TO_32_BIT_CONVERSION = YES;
				GCC_WARN_ABOUT_RETURN_TYPE = YES_ERROR;
				GCC_WARN_UNDECLARED_SELECTOR = YES;
				GCC_WARN_UNINITIALIZED_AUTOS = YES_AGGRESSIVE;
				GCC_WARN_UNUSED_FUNCTION = YES;
				GCC_WARN_UNUSED_VARIABLE = YES;
				IPHONEOS_DEPLOYMENT_TARGET = 26.2;
				LOCALIZATION_PREFERS_STRING_CATALOGS = YES;
				MTL_ENABLE_DEBUG_INFO = INCLUDE_SOURCE;
				MTL_FAST_MATH = YES;
				ONLY_ACTIVE_ARCH = YES;
				SDKROOT = iphoneos;
				SWIFT_ACTIVE_COMPILATION_CONDITIONS = "DEBUG $(inherited)";
				SWIFT_OPTIMIZATION_LEVEL = "-Onone";
			};
			name = Debug;
		};
		308DBA512EFEA3A6001F0B3F /* Release */ = {
			isa = XCBuildConfiguration;
			buildSettings = {
				ALWAYS_SEARCH_USER_PATHS = NO;
				ASSETCATALOG_COMPILER_GENERATE_SWIFT_ASSET_SYMBOL_EXTENSIONS = YES;
				CLANG_ANALYZER_NONNULL = YES;
				CLANG_ANALYZER_NUMBER_OBJECT_CONVERSION = YES_AGGRESSIVE;
				CLANG_CXX_LANGUAGE_STANDARD = "gnu++20";
				CLANG_ENABLE_MODULES = YES;
				CLANG_ENABLE_OBJC_ARC = YES;
				CLANG_ENABLE_OBJC_WEAK = YES;
				CLANG_WARN_BLOCK_CAPTURE_AUTORELEASING = YES;
				CLANG_WARN_BOOL_CONVERSION = YES;
				CLANG_WARN_COMMA = YES;
				CLANG_WARN_CONSTANT_CONVERSION = YES;
				CLANG_WARN_DEPRECATED_OBJC_IMPLEMENTATIONS = YES;
				CLANG_WARN_DIRECT_OBJC_ISA_USAGE = YES_ERROR;
				CLANG_WARN_DOCUMENTATION_COMMENTS = YES;
				CLANG_WARN_EMPTY_BODY = YES;
				CLANG_WARN_ENUM_CONVERSION = YES;
				CLANG_WARN_INFINITE_RECURSION = YES;
				CLANG_WARN_INT_CONVERSION = YES;
				CLANG_WARN_NON_LITERAL_NULL_CONVERSION = YES;
				CLANG_WARN_OBJC_IMPLICIT_RETAIN_SELF = YES;
				CLANG_WARN_OBJC_LITERAL_CONVERSION = YES;
				CLANG_WARN_OBJC_ROOT_CLASS = YES_ERROR;
				CLANG_WARN_QUOTED_INCLUDE_IN_FRAMEWORK_HEADER = YES;
				CLANG_WARN_RANGE_LOOP_ANALYSIS = YES;
				CLANG_WARN_STRICT_PROTOTYPES = YES;
				CLANG_WARN_SUSPICIOUS_MOVE = YES;
				CLANG_WARN_UNGUARDED_AVAILABILITY = YES_AGGRESSIVE;
				CLANG_WARN_UNREACHABLE_CODE = YES;
				CLANG_WARN__DUPLICATE_METHOD_MATCH = YES;
				COPY_PHASE_STRIP = NO;
				DEBUG_INFORMATION_FORMAT = "dwarf-with-dsym";
				ENABLE_NS_ASSERTIONS = NO;
				ENABLE_STRICT_OBJC_MSGSEND = YES;
				ENABLE_USER_SCRIPT_SANDBOXING = YES;
				GCC_C_LANGUAGE_STANDARD = gnu17;
				GCC_NO_COMMON_BLOCKS = YES;
				GCC_WARN_64_TO_32_BIT_CONVERSION = YES;
				GCC_WARN_ABOUT_RETURN_TYPE = YES_ERROR;
				GCC_WARN_UNDECLARED_SELECTOR = YES;
				GCC_WARN_UNINITIALIZED_AUTOS = YES_AGGRESSIVE;
				GCC_WARN_UNUSED_FUNCTION = YES;
				GCC_WARN_UNUSED_VARIABLE = YES;
				IPHONEOS_DEPLOYMENT_TARGET = 26.2;
				LOCALIZATION_PREFERS_STRING_CATALOGS = YES;
				MTL_ENABLE_DEBUG_INFO = NO;
				MTL_FAST_MATH = YES;
				SDKROOT = iphoneos;
				SWIFT_COMPILATION_MODE = wholemodule;
				VALIDATE_PRODUCT = YES;
			};
			name = Release;
		};
		308DBA532EFEA3A6001F0B3F /* Debug */ = {
			isa = XCBuildConfiguration;
			buildSettings = {
				ASSETCATALOG_COMPILER_APPICON_NAME = AppIcon;
				ASSETCATALOG_COMPILER_GLOBAL_ACCENT_COLOR_NAME = AccentColor;
				CODE_SIGN_IDENTITY = "Apple Development";
				CODE_SIGN_STYLE = Automatic;
				CURRENT_PROJECT_VERSION = 1;
				DEVELOPMENT_TEAM = 8BWHD8UVXP;
				ENABLE_PREVIEWS = YES;
				GENERATE_INFOPLIST_FILE = YES;
				INFOPLIST_KEY_ITSAppUsesNonExemptEncryption = NO;
				INFOPLIST_KEY_NSPhotoLibraryAddUsageDescription = "SportCrunch needs permission to save your highlight videos to your photo library.";
				INFOPLIST_KEY_NSPhotoLibraryUsageDescription = "SportCrunch needs access to your photo library to select videos for creating highlights.";
				INFOPLIST_KEY_UIApplicationSceneManifest_Generation = YES;
				INFOPLIST_KEY_UIApplicationSupportsIndirectInputEvents = YES;
				INFOPLIST_KEY_UILaunchScreen_Generation = YES;
				INFOPLIST_KEY_UISupportedInterfaceOrientations_iPad = "UIInterfaceOrientationPortrait UIInterfaceOrientationPortraitUpsideDown UIInterfaceOrientationLandscapeLeft UIInterfaceOrientationLandscapeRight";
				INFOPLIST_KEY_UISupportedInterfaceOrientations_iPhone = "UIInterfaceOrientationPortrait UIInterfaceOrientationLandscapeLeft UIInterfaceOrientationLandscapeRight";
				IPHONEOS_DEPLOYMENT_TARGET = 17.6;
				LD_RUNPATH_SEARCH_PATHS = (
					"$(inherited)",
					"@executable_path/Frameworks",
				);
				MARKETING_VERSION = 1.0;
				PRODUCT_BUNDLE_IDENTIFIER = sportcrunch.SportCrunch;
				PRODUCT_NAME = "$(TARGET_NAME)";
				PROVISIONING_PROFILE_SPECIFIER = "";
				STRING_CATALOG_GENERATE_SYMBOLS = YES;
				SWIFT_EMIT_LOC_STRINGS = YES;
				SWIFT_VERSION = 5.0;
				TARGETED_DEVICE_FAMILY = "1,2";
			};
			name = Debug;
		};
		308DBA542EFEA3A6001F0B3F /* Release */ = {
			isa = XCBuildConfiguration;
			buildSettings = {
				ASSETCATALOG_COMPILER_APPICON_NAME = AppIcon;
				ASSETCATALOG_COMPILER_GLOBAL_ACCENT_COLOR_NAME = AccentColor;
				CODE_SIGN_IDENTITY = "Apple Development";
				CODE_SIGN_STYLE = Automatic;
				CURRENT_PROJECT_VERSION = 1;
				DEVELOPMENT_TEAM = 8BWHD8UVXP;
				ENABLE_PREVIEWS = YES;
				GENERATE_INFOPLIST_FILE = YES;
				INFOPLIST_KEY_ITSAppUsesNonExemptEncryption = NO;
				INFOPLIST_KEY_NSPhotoLibraryAddUsageDescription = "SportCrunch needs permission to save your highlight videos to your photo library.";
				INFOPLIST_KEY_NSPhotoLibraryUsageDescription = "SportCrunch needs access to your photo library to select videos for creating highlights.";
				INFOPLIST_KEY_UIApplicationSceneManifest_Generation = YES;
				INFOPLIST_KEY_UIApplicationSupportsIndirectInputEvents = YES;
				INFOPLIST_KEY_UILaunchScreen_Generation = YES;
				INFOPLIST_KEY_UISupportedInterfaceOrientations_iPad = "UIInterfaceOrientationPortrait UIInterfaceOrientationPortraitUpsideDown UIInterfaceOrientationLandscapeLeft UIInterfaceOrientationLandscapeRight";
				INFOPLIST_KEY_UISupportedInterfaceOrientations_iPhone = "UIInterfaceOrientationPortrait UIInterfaceOrientationLandscapeLeft UIInterfaceOrientationLandscapeRight";
				IPHONEOS_DEPLOYMENT_TARGET = 17.6;
				LD_RUNPATH_SEARCH_PATHS = (
					"$(inherited)",
					"@executable_path/Frameworks",
				);
				MARKETING_VERSION = 1.0;
				PRODUCT_BUNDLE_IDENTIFIER = sportcrunch.SportCrunch;
				PRODUCT_NAME = "$(TARGET_NAME)";
				PROVISIONING_PROFILE_SPECIFIER = "";
				STRING_CATALOG_GENERATE_SYMBOLS = YES;
				SWIFT_EMIT_LOC_STRINGS = YES;
				SWIFT_UPCOMING_FEATURE_MEMBER_IMPORT_VISIBILITY = YES;
				SWIFT_VERSION = 5.0;
				TARGETED_DEVICE_FAMILY = "1,2";
			};
			name = Release;
		};
		308DBA562EFEA3A6001F0B3F /* Debug */ = {
			isa = XCBuildConfiguration;
			buildSettings = {
				BUNDLE_LOADER = "$(TEST_HOST)";
				CODE_SIGN_STYLE = Automatic;
				CURRENT_PROJECT_VERSION = 1;
				DEVELOPMENT_TEAM = 8BWHD8UVXP;
				GENERATE_INFOPLIST_FILE = YES;
				IPHONEOS_DEPLOYMENT_TARGET = 26.2;
				MARKETING_VERSION = 1.0;
				PRODUCT_BUNDLE_IDENTIFIER = sportcrunch.SportCrunchTests;
				PRODUCT_NAME = "$(TARGET_NAME)";
				STRING_CATALOG_GENERATE_SYMBOLS = NO;
				SWIFT_APPROACHABLE_CONCURRENCY = YES;
				SWIFT_EMIT_LOC_STRINGS = NO;
				SWIFT_UPCOMING_FEATURE_MEMBER_IMPORT_VISIBILITY = YES;
				SWIFT_VERSION = 5.0;
				TARGETED_DEVICE_FAMILY = "1,2";
				TEST_HOST = "$(BUILT_PRODUCTS_DIR)/SportCrunch.app/$(BUNDLE_EXECUTABLE_FOLDER_PATH)/SportCrunch";
			};
			name = Debug;
		};
		308DBA572EFEA3A6001F0B3F /* Release */ = {
			isa = XCBuildConfiguration;
			buildSettings = {
				BUNDLE_LOADER = "$(TEST_HOST)";
				CODE_SIGN_STYLE = Automatic;
				CURRENT_PROJECT_VERSION = 1;
				DEVELOPMENT_TEAM = 8BWHD8UVXP;
				GENERATE_INFOPLIST_FILE = YES;
				IPHONEOS_DEPLOYMENT_TARGET = 26.2;
				MARKETING_VERSION = 1.0;
				PRODUCT_BUNDLE_IDENTIFIER = sportcrunch.SportCrunchTests;
				PRODUCT_NAME = "$(TARGET_NAME)";
				STRING_CATALOG_GENERATE_SYMBOLS = NO;
				SWIFT_APPROACHABLE_CONCURRENCY = YES;
				SWIFT_EMIT_LOC_STRINGS = NO;
				SWIFT_UPCOMING_FEATURE_MEMBER_IMPORT_VISIBILITY = YES;
				SWIFT_VERSION = 5.0;
				TARGETED_DEVICE_FAMILY = "1,2";
				TEST_HOST = "$(BUILT_PRODUCTS_DIR)/SportCrunch.app/$(BUNDLE_EXECUTABLE_FOLDER_PATH)/SportCrunch";
			};
			name = Release;
		};
		308DBA592EFEA3A6001F0B3F /* Debug */ = {
			isa = XCBuildConfiguration;
			buildSettings = {
				CODE_SIGN_STYLE = Automatic;
				CURRENT_PROJECT_VERSION = 1;
				GENERATE_INFOPLIST_FILE = YES;
				MARKETING_VERSION = 1.0;
				PRODUCT_BUNDLE_IDENTIFIER = sportcrunch.SportCrunchUITests;
				PRODUCT_NAME = "$(TARGET_NAME)";
				STRING_CATALOG_GENERATE_SYMBOLS = NO;
				SWIFT_APPROACHABLE_CONCURRENCY = YES;
				SWIFT_EMIT_LOC_STRINGS = NO;
				SWIFT_UPCOMING_FEATURE_MEMBER_IMPORT_VISIBILITY = YES;
				SWIFT_VERSION = 5.0;
				TARGETED_DEVICE_FAMILY = "1,2";
				TEST_TARGET_NAME = SportCrunch;
			};
			name = Debug;
		};
		308DBA5A2EFEA3A6001F0B3F /* Release */ = {
			isa = XCBuildConfiguration;
			buildSettings = {
				CODE_SIGN_STYLE = Automatic;
				CURRENT_PROJECT_VERSION = 1;
				GENERATE_INFOPLIST_FILE = YES;
				MARKETING_VERSION = 1.0;
				PRODUCT_BUNDLE_IDENTIFIER = sportcrunch.SportCrunchUITests;
				PRODUCT_NAME = "$(TARGET_NAME)";
				STRING_CATALOG_GENERATE_SYMBOLS = NO;
				SWIFT_APPROACHABLE_CONCURRENCY = YES;
				SWIFT_EMIT_LOC_STRINGS = NO;
				SWIFT_UPCOMING_FEATURE_MEMBER_IMPORT_VISIBILITY = YES;
				SWIFT_VERSION = 5.0;
				TARGETED_DEVICE_FAMILY = "1,2";
				TEST_TARGET_NAME = SportCrunch;
			};
			name = Release;
		};
/* End XCBuildConfiguration section */

/* Begin XCConfigurationList section */
		308DBA2C2EFEA3A4001F0B3F /* Build configuration list for PBXProject "SportCrunch" */ = {
			isa = XCConfigurationList;
			buildConfigurations = (
				308DBA502EFEA3A6001F0B3F /* Debug */,
				308DBA512EFEA3A6001F0B3F /* Release */,
			);
			defaultConfigurationIsVisible = 0;
			defaultConfigurationName = Release;
		};
		308DBA522EFEA3A6001F0B3F /* Build configuration list for PBXNativeTarget "SportCrunch" */ = {
			isa = XCConfigurationList;
			buildConfigurations = (
				308DBA532EFEA3A6001F0B3F /* Debug */,
				308DBA542EFEA3A6001F0B3F /* Release */,
			);
			defaultConfigurationIsVisible = 0;
			defaultConfigurationName = Release;
		};
		308DBA552EFEA3A6001F0B3F /* Build configuration list for PBXNativeTarget "SportCrunchTests" */ = {
			isa = XCConfigurationList;
			buildConfigurations = (
				308DBA562EFEA3A6001F0B3F /* Debug */,
				308DBA572EFEA3A6001F0B3F /* Release */,
			);
			defaultConfigurationIsVisible = 0;
			defaultConfigurationName = Release;
		};
		308DBA582EFEA3A6001F0B3F /* Build configuration list for PBXNativeTarget "SportCrunchUITests" */ = {
			isa = XCConfigurationList;
			buildConfigurations = (
				308DBA592EFEA3A6001F0B3F /* Debug */,
				308DBA5A2EFEA3A6001F0B3F /* Release */,
			);
			defaultConfigurationIsVisible = 0;
			defaultConfigurationName = Release;
		};
/* End XCConfigurationList section */
	};
	rootObject = 308DBA292EFEA3A4001F0B3F /* Project object */;
}
